
Microsoft Visual Studio Solution File, Format Version 12.00
# Visual Studio Version 16
VisualStudioVersion = 16.0.30717.126
MinimumVisualStudioVersion = 10.0.40219.1
Project("{FAE04EC0-301F-11D3-BF4B-00C04F79EFBC}") = "ClassMetotDemo", "ClassMetotDemo\ClassMetotDemo.csproj", "{45E8AE96-250D-4259-8B38-DE33E9285E29}"
EndProject
Global
	GlobalSection(SolutionConfigurationPlatforms) = preSolution
		Debug|Any CPU = Debug|Any CPU
		Release|Any CPU = Release|Any CPU
	EndGlobalSection
	GlobalSection(ProjectConfigurationPlatforms) = postSolution
		{45E8AE96-250D-4259-8B38-DE33E9285E29}.Debug|Any CPU.ActiveCfg = Debug|Any CPU
		{45E8AE96-250D-4259-8B38-DE33E9285E29}.Debug|Any CPU.Build.0 = Debug|Any CPU
		{45E8AE96-250D-4259-8B38-DE33E9285E29}.Release|Any CPU.ActiveCfg = Release|Any CPU
		{45E8AE96-250D-4259-8B38-DE33E9285E29}.Release|Any CPU.Build.0 = Release|Any CPU
	EndGlobalSection
	GlobalSection(SolutionProperties) = preSolution
		HideSolutionNode = FALSE
	EndGlobalSection
	GlobalSection(ExtensibilityGlobals) = postSolution
		SolutionGuid = {FB6E0828-0CA3-4C27-BAA9-D77A90F928CD}
	EndGlobalSection
EndGlobal
